// !$*UTF8*$!
{
	archiveVersion = 1;
	classes = {
	};
	objectVersion = 56;
	objects = {

/* Begin PBXBuildFile section */
		2D38D6482C5E5DDF00ADD586 /* Netgear_BooksApp.swift in Sources */ = {isa = PBXBuildFile; fileRef = 2D38D6472C5E5DDF00ADD586 /* Netgear_BooksApp.swift */; };
		2D38D64A2C5E5DDF00ADD586 /* ContentView.swift in Sources */ = {isa = PBXBuildFile; fileRef = 2D38D6492C5E5DDF00ADD586 /* ContentView.swift */; };
		2D38D64C2C5E5DDF00ADD586 /* Item.swift in Sources */ = {isa = PBXBuildFile; fileRef = 2D38D64B2C5E5DDF00ADD586 /* Item.swift */; };
		2D38D64E2C5E5DE000ADD586 /* Assets.xcassets in Resources */ = {isa = PBXBuildFile; fileRef = 2D38D64D2C5E5DE000ADD586 /* Assets.xcassets */; };
		2D38D6512C5E5DE000ADD586 /* Preview Assets.xcassets in Resources */ = {isa = PBXBuildFile; fileRef = 2D38D6502C5E5DE000ADD586 /* Preview Assets.xcassets */; };
		2D38D6652C5E5DE000ADD586 /* Netgear_BooksUITests.swift in Sources */ = {isa = PBXBuildFile; fileRef = 2D38D6642C5E5DE000ADD586 /* Netgear_BooksUITests.swift */; };
		2D38D6672C5E5DE000ADD586 /* Netgear_BooksUITestsLaunchTests.swift in Sources */ = {isa = PBXBuildFile; fileRef = 2D38D6662C5E5DE000ADD586 /* Netgear_BooksUITestsLaunchTests.swift */; };
		2D38D6792C5FCCF300ADD586 /* BookResponse.swift in Sources */ = {isa = PBXBuildFile; fileRef = 2D38D6782C5FCCF300ADD586 /* BookResponse.swift */; };
		2D38D6932C5FCD2600ADD586 /* AccessInfo.swift in Sources */ = {isa = PBXBuildFile; fileRef = 2D38D67A2C5FCD2500ADD586 /* AccessInfo.swift */; };
		2D38D6952C5FCD2600ADD586 /* SaleInfo.swift in Sources */ = {isa = PBXBuildFile; fileRef = 2D38D67C2C5FCD2500ADD586 /* SaleInfo.swift */; };
		2D38D6972C5FCD2600ADD586 /* VolumeInfo.swift in Sources */ = {isa = PBXBuildFile; fileRef = 2D38D67E2C5FCD2500ADD586 /* VolumeInfo.swift */; };
		2D38D6982C5FCD2600ADD586 /* ReadingModes.swift in Sources */ = {isa = PBXBuildFile; fileRef = 2D38D67F2C5FCD2600ADD586 /* ReadingModes.swift */; };
		2D38D6992C5FCD2600ADD586 /* IndustryIdentifier.swift in Sources */ = {isa = PBXBuildFile; fileRef = 2D38D6802C5FCD2600ADD586 /* IndustryIdentifier.swift */; };
		2D38D69A2C5FCD2600ADD586 /* TextToSpeechPermission.swift in Sources */ = {isa = PBXBuildFile; fileRef = 2D38D6812C5FCD2600ADD586 /* TextToSpeechPermission.swift */; };
		2D38D69C2C5FCD2600ADD586 /* PanelizationSummary.swift in Sources */ = {isa = PBXBuildFile; fileRef = 2D38D6832C5FCD2600ADD586 /* PanelizationSummary.swift */; };
		2D38D69D2C5FCD2600ADD586 /* Book.swift in Sources */ = {isa = PBXBuildFile; fileRef = 2D38D6842C5FCD2600ADD586 /* Book.swift */; };
		2D38D69E2C5FCD2600ADD586 /* Saleability.swift in Sources */ = {isa = PBXBuildFile; fileRef = 2D38D6852C5FCD2600ADD586 /* Saleability.swift */; };
		2D38D69F2C5FCD2600ADD586 /* TypeEnum.swift in Sources */ = {isa = PBXBuildFile; fileRef = 2D38D6862C5FCD2600ADD586 /* TypeEnum.swift */; };
		2D38D6A02C5FCD2600ADD586 /* SearchInfo.swift in Sources */ = {isa = PBXBuildFile; fileRef = 2D38D6872C5FCD2600ADD586 /* SearchInfo.swift */; };
		2D38D6A12C5FCD2600ADD586 /* PrintType.swift in Sources */ = {isa = PBXBuildFile; fileRef = 2D38D6882C5FCD2600ADD586 /* PrintType.swift */; };
		2D38D6A22C5FCD2600ADD586 /* AccessViewStatus.swift in Sources */ = {isa = PBXBuildFile; fileRef = 2D38D6892C5FCD2600ADD586 /* AccessViewStatus.swift */; };
		2D38D6A32C5FCD2600ADD586 /* SaleInfoListPrice.swift in Sources */ = {isa = PBXBuildFile; fileRef = 2D38D68A2C5FCD2600ADD586 /* SaleInfoListPrice.swift */; };
		2D38D6A42C5FCD2600ADD586 /* OfferListPrice.swift in Sources */ = {isa = PBXBuildFile; fileRef = 2D38D68B2C5FCD2600ADD586 /* OfferListPrice.swift */; };
		2D38D6A52C5FCD2600ADD586 /* ImageLinks.swift in Sources */ = {isa = PBXBuildFile; fileRef = 2D38D68C2C5FCD2600ADD586 /* ImageLinks.swift */; };
		2D38D6A72C5FCD2600ADD586 /* Epub.swift in Sources */ = {isa = PBXBuildFile; fileRef = 2D38D68E2C5FCD2600ADD586 /* Epub.swift */; };
		2D38D6A82C5FCD2600ADD586 /* Viewability.swift in Sources */ = {isa = PBXBuildFile; fileRef = 2D38D68F2C5FCD2600ADD586 /* Viewability.swift */; };
		2D38D6AA2C5FCD2600ADD586 /* MaturityRating.swift in Sources */ = {isa = PBXBuildFile; fileRef = 2D38D6912C5FCD2600ADD586 /* MaturityRating.swift */; };
		2D38D6AB2C5FCD2600ADD586 /* Offer.swift in Sources */ = {isa = PBXBuildFile; fileRef = 2D38D6922C5FCD2600ADD586 /* Offer.swift */; };
		2D38D6AD2C5FDC2000ADD586 /* BookServiceProtocol.swift in Sources */ = {isa = PBXBuildFile; fileRef = 2D38D6AC2C5FDC2000ADD586 /* BookServiceProtocol.swift */; };
		2D38D6AF2C5FDC2C00ADD586 /* BookService.swift in Sources */ = {isa = PBXBuildFile; fileRef = 2D38D6AE2C5FDC2C00ADD586 /* BookService.swift */; };
		2D38D6B12C616AE400ADD586 /* BookDetailsViewModel.swift in Sources */ = {isa = PBXBuildFile; fileRef = 2D38D6B02C616AE400ADD586 /* BookDetailsViewModel.swift */; };
		2D38D6B32C616B0100ADD586 /* BookDetailsView.swift in Sources */ = {isa = PBXBuildFile; fileRef = 2D38D6B22C616B0100ADD586 /* BookDetailsView.swift */; };
		2D38D6B52C616B1600ADD586 /* BookSearchViewModel.swift in Sources */ = {isa = PBXBuildFile; fileRef = 2D38D6B42C616B1600ADD586 /* BookSearchViewModel.swift */; };
		2D38D6B72C616B2000ADD586 /* BookSearchView.swift in Sources */ = {isa = PBXBuildFile; fileRef = 2D38D6B62C616B2000ADD586 /* BookSearchView.swift */; };
		2D38D6BF2C61856700ADD586 /* BookServiceTests.swift in Sources */ = {isa = PBXBuildFile; fileRef = 2D38D6BE2C61856700ADD586 /* BookServiceTests.swift */; };
		2D38D6CA2C619C1000ADD586 /* JSONMappingTests.swift in Sources */ = {isa = PBXBuildFile; fileRef = 2D38D6C92C619C1000ADD586 /* JSONMappingTests.swift */; };
		2D38D6CC2C61AC3800ADD586 /* sampleBooks.json in Resources */ = {isa = PBXBuildFile; fileRef = 2D38D6CB2C61AC3800ADD586 /* sampleBooks.json */; };
		2D38D6CE2C61AC9B00ADD586 /* BookData.swift in Sources */ = {isa = PBXBuildFile; fileRef = 2D38D6CD2C61AC9B00ADD586 /* BookData.swift */; };
		2D38D6CF2C61B78900ADD586 /* sampleBooks.json in Resources */ = {isa = PBXBuildFile; fileRef = 2D38D6CB2C61AC3800ADD586 /* sampleBooks.json */; };
		2D38D6D32C622DAD00ADD586 /* DataManager.swift in Sources */ = {isa = PBXBuildFile; fileRef = 2D38D6D22C622DAD00ADD586 /* DataManager.swift */; };
		2D38D6D52C6247BD00ADD586 /* BookCardView.swift in Sources */ = {isa = PBXBuildFile; fileRef = 2D38D6D42C6247BD00ADD586 /* BookCardView.swift */; };
		2D38D6D72C6247CB00ADD586 /* BookCardViewModel.swift in Sources */ = {isa = PBXBuildFile; fileRef = 2D38D6D62C6247CB00ADD586 /* BookCardViewModel.swift */; };
/* End PBXBuildFile section */

/* Begin PBXContainerItemProxy section */
		2D38D6572C5E5DE000ADD586 /* PBXContainerItemProxy */ = {
			isa = PBXContainerItemProxy;
			containerPortal = 2D38D63C2C5E5DDF00ADD586 /* Project object */;
			proxyType = 1;
			remoteGlobalIDString = 2D38D6432C5E5DDF00ADD586;
			remoteInfo = "Netgear Books";
		};
		2D38D6612C5E5DE000ADD586 /* PBXContainerItemProxy */ = {
			isa = PBXContainerItemProxy;
			containerPortal = 2D38D63C2C5E5DDF00ADD586 /* Project object */;
			proxyType = 1;
			remoteGlobalIDString = 2D38D6432C5E5DDF00ADD586;
			remoteInfo = "Netgear Books";
		};
/* End PBXContainerItemProxy section */

/* Begin PBXFileReference section */
		2D38D6442C5E5DDF00ADD586 /* Books.app */ = {isa = PBXFileReference; explicitFileType = wrapper.application; includeInIndex = 0; path = Books.app; sourceTree = BUILT_PRODUCTS_DIR; };
		2D38D6472C5E5DDF00ADD586 /* Netgear_BooksApp.swift */ = {isa = PBXFileReference; lastKnownFileType = sourcecode.swift; path = Netgear_BooksApp.swift; sourceTree = "<group>"; };
		2D38D6492C5E5DDF00ADD586 /* ContentView.swift */ = {isa = PBXFileReference; lastKnownFileType = sourcecode.swift; path = ContentView.swift; sourceTree = "<group>"; };
		2D38D64B2C5E5DDF00ADD586 /* Item.swift */ = {isa = PBXFileReference; lastKnownFileType = sourcecode.swift; path = Item.swift; sourceTree = "<group>"; };
		2D38D64D2C5E5DE000ADD586 /* Assets.xcassets */ = {isa = PBXFileReference; lastKnownFileType = folder.assetcatalog; path = Assets.xcassets; sourceTree = "<group>"; };
		2D38D6502C5E5DE000ADD586 /* Preview Assets.xcassets */ = {isa = PBXFileReference; lastKnownFileType = folder.assetcatalog; path = "Preview Assets.xcassets"; sourceTree = "<group>"; };
		2D38D6562C5E5DE000ADD586 /* BooksTests.xctest */ = {isa = PBXFileReference; explicitFileType = wrapper.cfbundle; includeInIndex = 0; path = BooksTests.xctest; sourceTree = BUILT_PRODUCTS_DIR; };
		2D38D6602C5E5DE000ADD586 /* BooksUITests.xctest */ = {isa = PBXFileReference; explicitFileType = wrapper.cfbundle; includeInIndex = 0; path = BooksUITests.xctest; sourceTree = BUILT_PRODUCTS_DIR; };
		2D38D6642C5E5DE000ADD586 /* Netgear_BooksUITests.swift */ = {isa = PBXFileReference; lastKnownFileType = sourcecode.swift; path = Netgear_BooksUITests.swift; sourceTree = "<group>"; };
		2D38D6662C5E5DE000ADD586 /* Netgear_BooksUITestsLaunchTests.swift */ = {isa = PBXFileReference; lastKnownFileType = sourcecode.swift; path = Netgear_BooksUITestsLaunchTests.swift; sourceTree = "<group>"; };
		2D38D6782C5FCCF300ADD586 /* BookResponse.swift */ = {isa = PBXFileReference; lastKnownFileType = sourcecode.swift; path = BookResponse.swift; sourceTree = "<group>"; };
		2D38D67A2C5FCD2500ADD586 /* AccessInfo.swift */ = {isa = PBXFileReference; fileEncoding = 4; lastKnownFileType = sourcecode.swift; path = AccessInfo.swift; sourceTree = "<group>"; };
		2D38D67C2C5FCD2500ADD586 /* SaleInfo.swift */ = {isa = PBXFileReference; fileEncoding = 4; lastKnownFileType = sourcecode.swift; path = SaleInfo.swift; sourceTree = "<group>"; };
		2D38D67E2C5FCD2500ADD586 /* VolumeInfo.swift */ = {isa = PBXFileReference; fileEncoding = 4; lastKnownFileType = sourcecode.swift; path = VolumeInfo.swift; sourceTree = "<group>"; };
		2D38D67F2C5FCD2600ADD586 /* ReadingModes.swift */ = {isa = PBXFileReference; fileEncoding = 4; lastKnownFileType = sourcecode.swift; path = ReadingModes.swift; sourceTree = "<group>"; };
		2D38D6802C5FCD2600ADD586 /* IndustryIdentifier.swift */ = {isa = PBXFileReference; fileEncoding = 4; lastKnownFileType = sourcecode.swift; path = IndustryIdentifier.swift; sourceTree = "<group>"; };
		2D38D6812C5FCD2600ADD586 /* TextToSpeechPermission.swift */ = {isa = PBXFileReference; fileEncoding = 4; lastKnownFileType = sourcecode.swift; path = TextToSpeechPermission.swift; sourceTree = "<group>"; };
		2D38D6832C5FCD2600ADD586 /* PanelizationSummary.swift */ = {isa = PBXFileReference; fileEncoding = 4; lastKnownFileType = sourcecode.swift; path = PanelizationSummary.swift; sourceTree = "<group>"; };
		2D38D6842C5FCD2600ADD586 /* Book.swift */ = {isa = PBXFileReference; fileEncoding = 4; lastKnownFileType = sourcecode.swift; path = Book.swift; sourceTree = "<group>"; };
		2D38D6852C5FCD2600ADD586 /* Saleability.swift */ = {isa = PBXFileReference; fileEncoding = 4; lastKnownFileType = sourcecode.swift; path = Saleability.swift; sourceTree = "<group>"; };
		2D38D6862C5FCD2600ADD586 /* TypeEnum.swift */ = {isa = PBXFileReference; fileEncoding = 4; lastKnownFileType = sourcecode.swift; path = TypeEnum.swift; sourceTree = "<group>"; };
		2D38D6872C5FCD2600ADD586 /* SearchInfo.swift */ = {isa = PBXFileReference; fileEncoding = 4; lastKnownFileType = sourcecode.swift; path = SearchInfo.swift; sourceTree = "<group>"; };
		2D38D6882C5FCD2600ADD586 /* PrintType.swift */ = {isa = PBXFileReference; fileEncoding = 4; lastKnownFileType = sourcecode.swift; path = PrintType.swift; sourceTree = "<group>"; };
		2D38D6892C5FCD2600ADD586 /* AccessViewStatus.swift */ = {isa = PBXFileReference; fileEncoding = 4; lastKnownFileType = sourcecode.swift; path = AccessViewStatus.swift; sourceTree = "<group>"; };
		2D38D68A2C5FCD2600ADD586 /* SaleInfoListPrice.swift */ = {isa = PBXFileReference; fileEncoding = 4; lastKnownFileType = sourcecode.swift; path = SaleInfoListPrice.swift; sourceTree = "<group>"; };
		2D38D68B2C5FCD2600ADD586 /* OfferListPrice.swift */ = {isa = PBXFileReference; fileEncoding = 4; lastKnownFileType = sourcecode.swift; path = OfferListPrice.swift; sourceTree = "<group>"; };
		2D38D68C2C5FCD2600ADD586 /* ImageLinks.swift */ = {isa = PBXFileReference; fileEncoding = 4; lastKnownFileType = sourcecode.swift; path = ImageLinks.swift; sourceTree = "<group>"; };
		2D38D68E2C5FCD2600ADD586 /* Epub.swift */ = {isa = PBXFileReference; fileEncoding = 4; lastKnownFileType = sourcecode.swift; path = Epub.swift; sourceTree = "<group>"; };
		2D38D68F2C5FCD2600ADD586 /* Viewability.swift */ = {isa = PBXFileReference; fileEncoding = 4; lastKnownFileType = sourcecode.swift; path = Viewability.swift; sourceTree = "<group>"; };
		2D38D6912C5FCD2600ADD586 /* MaturityRating.swift */ = {isa = PBXFileReference; fileEncoding = 4; lastKnownFileType = sourcecode.swift; path = MaturityRating.swift; sourceTree = "<group>"; };
		2D38D6922C5FCD2600ADD586 /* Offer.swift */ = {isa = PBXFileReference; fileEncoding = 4; lastKnownFileType = sourcecode.swift; path = Offer.swift; sourceTree = "<group>"; };
		2D38D6AC2C5FDC2000ADD586 /* BookServiceProtocol.swift */ = {isa = PBXFileReference; lastKnownFileType = sourcecode.swift; path = BookServiceProtocol.swift; sourceTree = "<group>"; };
		2D38D6AE2C5FDC2C00ADD586 /* BookService.swift */ = {isa = PBXFileReference; lastKnownFileType = sourcecode.swift; path = BookService.swift; sourceTree = "<group>"; };
		2D38D6B02C616AE400ADD586 /* BookDetailsViewModel.swift */ = {isa = PBXFileReference; lastKnownFileType = sourcecode.swift; path = BookDetailsViewModel.swift; sourceTree = "<group>"; };
		2D38D6B22C616B0100ADD586 /* BookDetailsView.swift */ = {isa = PBXFileReference; lastKnownFileType = sourcecode.swift; path = BookDetailsView.swift; sourceTree = "<group>"; };
		2D38D6B42C616B1600ADD586 /* BookSearchViewModel.swift */ = {isa = PBXFileReference; lastKnownFileType = sourcecode.swift; path = BookSearchViewModel.swift; sourceTree = "<group>"; };
		2D38D6B62C616B2000ADD586 /* BookSearchView.swift */ = {isa = PBXFileReference; lastKnownFileType = sourcecode.swift; path = BookSearchView.swift; sourceTree = "<group>"; };
		2D38D6BE2C61856700ADD586 /* BookServiceTests.swift */ = {isa = PBXFileReference; lastKnownFileType = sourcecode.swift; path = BookServiceTests.swift; sourceTree = "<group>"; };
		2D38D6C22C6199A800ADD586 /* BookDetailViewModelTests.swift */ = {isa = PBXFileReference; lastKnownFileType = sourcecode.swift; path = BookDetailViewModelTests.swift; sourceTree = "<group>"; };
		2D38D6C42C6199F400ADD586 /* BookSearchViewModelTests.swift */ = {isa = PBXFileReference; lastKnownFileType = sourcecode.swift; path = BookSearchViewModelTests.swift; sourceTree = "<group>"; };
		2D38D6C92C619C1000ADD586 /* JSONMappingTests.swift */ = {isa = PBXFileReference; lastKnownFileType = sourcecode.swift; path = JSONMappingTests.swift; sourceTree = "<group>"; };
		2D38D6CB2C61AC3800ADD586 /* sampleBooks.json */ = {isa = PBXFileReference; fileEncoding = 4; lastKnownFileType = text.json; path = sampleBooks.json; sourceTree = "<group>"; };
		2D38D6CD2C61AC9B00ADD586 /* BookData.swift */ = {isa = PBXFileReference; lastKnownFileType = sourcecode.swift; path = BookData.swift; sourceTree = "<group>"; };
		2D38D6D12C61C27E00ADD586 /* Netgear-Books-Info.plist */ = {isa = PBXFileReference; lastKnownFileType = text.plist; path = "Netgear-Books-Info.plist"; sourceTree = SOURCE_ROOT; };
		2D38D6D22C622DAD00ADD586 /* DataManager.swift */ = {isa = PBXFileReference; lastKnownFileType = sourcecode.swift; path = DataManager.swift; sourceTree = "<group>"; };
		2D38D6D42C6247BD00ADD586 /* BookCardView.swift */ = {isa = PBXFileReference; lastKnownFileType = sourcecode.swift; path = BookCardView.swift; sourceTree = "<group>"; };
		2D38D6D62C6247CB00ADD586 /* BookCardViewModel.swift */ = {isa = PBXFileReference; lastKnownFileType = sourcecode.swift; path = BookCardViewModel.swift; sourceTree = "<group>"; };
/* End PBXFileReference section */

/* Begin PBXFrameworksBuildPhase section */
		2D38D6412C5E5DDF00ADD586 /* Frameworks */ = {
			isa = PBXFrameworksBuildPhase;
			buildActionMask = 2147483647;
			files = (
			);
			runOnlyForDeploymentPostprocessing = 0;
		};
		2D38D6532C5E5DE000ADD586 /* Frameworks */ = {
			isa = PBXFrameworksBuildPhase;
			buildActionMask = 2147483647;
			files = (
			);
			runOnlyForDeploymentPostprocessing = 0;
		};
		2D38D65D2C5E5DE000ADD586 /* Frameworks */ = {
			isa = PBXFrameworksBuildPhase;
			buildActionMask = 2147483647;
			files = (
			);
			runOnlyForDeploymentPostprocessing = 0;
		};
/* End PBXFrameworksBuildPhase section */

/* Begin PBXGroup section */
		2D38D63B2C5E5DDF00ADD586 = {
			isa = PBXGroup;
			children = (
				2D38D6462C5E5DDF00ADD586 /* Books */,
				2D38D6592C5E5DE000ADD586 /* BooksTests */,
				2D38D6632C5E5DE000ADD586 /* BooksUITests */,
				2D38D6452C5E5DDF00ADD586 /* Products */,
			);
			sourceTree = "<group>";
		};
		2D38D6452C5E5DDF00ADD586 /* Products */ = {
			isa = PBXGroup;
			children = (
				2D38D6442C5E5DDF00ADD586 /* Books.app */,
				2D38D6562C5E5DE000ADD586 /* BooksTests.xctest */,
				2D38D6602C5E5DE000ADD586 /* BooksUITests.xctest */,
			);
			name = Products;
			sourceTree = "<group>";
		};
		2D38D6462C5E5DDF00ADD586 /* Books */ = {
			isa = PBXGroup;
			children = (
				2D38D6D12C61C27E00ADD586 /* Netgear-Books-Info.plist */,
				2D38D6732C5E5E2900ADD586 /* BookSearch */,
				2D38D6752C5E5E5000ADD586 /* BookDetails */,
				2D38D6762C5E5E6C00ADD586 /* Models */,
				2D38D6772C5E5E7F00ADD586 /* Networking */,
				2D38D6B82C616BCE00ADD586 /* Persistance */,
				2D38D6472C5E5DDF00ADD586 /* Netgear_BooksApp.swift */,
				2D38D6492C5E5DDF00ADD586 /* ContentView.swift */,
				2D38D64B2C5E5DDF00ADD586 /* Item.swift */,
				2D38D64D2C5E5DE000ADD586 /* Assets.xcassets */,
				2D38D64F2C5E5DE000ADD586 /* Preview Content */,
			);
			path = Books;
			sourceTree = "<group>";
		};
		2D38D64F2C5E5DE000ADD586 /* Preview Content */ = {
			isa = PBXGroup;
			children = (
				2D38D6CB2C61AC3800ADD586 /* sampleBooks.json */,
				2D38D6502C5E5DE000ADD586 /* Preview Assets.xcassets */,
				2D38D6CD2C61AC9B00ADD586 /* BookData.swift */,
			);
			path = "Preview Content";
			sourceTree = "<group>";
		};
		2D38D6592C5E5DE000ADD586 /* BooksTests */ = {
			isa = PBXGroup;
			children = (
				2D38D6C02C61996200ADD586 /* BookSearch */,
				2D38D6C12C61996F00ADD586 /* BookDetails */,
				2D38D6C62C619B6400ADD586 /* Models */,
				2D38D6BD2C61853D00ADD586 /* Networking */,
			);
			path = BooksTests;
			sourceTree = "<group>";
		};
		2D38D6632C5E5DE000ADD586 /* BooksUITests */ = {
			isa = PBXGroup;
			children = (
				2D38D6642C5E5DE000ADD586 /* Netgear_BooksUITests.swift */,
				2D38D6662C5E5DE000ADD586 /* Netgear_BooksUITestsLaunchTests.swift */,
			);
			path = BooksUITests;
			sourceTree = "<group>";
		};
		2D38D6732C5E5E2900ADD586 /* BookSearch */ = {
			isa = PBXGroup;
			children = (
				2D38D6B42C616B1600ADD586 /* BookSearchViewModel.swift */,
				2D38D6B62C616B2000ADD586 /* BookSearchView.swift */,
				2D38D6D62C6247CB00ADD586 /* BookCardViewModel.swift */,
				2D38D6D42C6247BD00ADD586 /* BookCardView.swift */,
			);
			path = BookSearch;
			sourceTree = "<group>";
		};
		2D38D6752C5E5E5000ADD586 /* BookDetails */ = {
			isa = PBXGroup;
			children = (
				2D38D6B02C616AE400ADD586 /* BookDetailsViewModel.swift */,
				2D38D6B22C616B0100ADD586 /* BookDetailsView.swift */,
			);
			path = BookDetails;
			sourceTree = "<group>";
		};
		2D38D6762C5E5E6C00ADD586 /* Models */ = {
			isa = PBXGroup;
			children = (
				2D38D6782C5FCCF300ADD586 /* BookResponse.swift */,
				2D38D6842C5FCD2600ADD586 /* Book.swift */,
				2D38D67E2C5FCD2500ADD586 /* VolumeInfo.swift */,
				2D38D67C2C5FCD2500ADD586 /* SaleInfo.swift */,
				2D38D67A2C5FCD2500ADD586 /* AccessInfo.swift */,
				2D38D6872C5FCD2600ADD586 /* SearchInfo.swift */,
				2D38D6892C5FCD2600ADD586 /* AccessViewStatus.swift */,
				2D38D68E2C5FCD2600ADD586 /* Epub.swift */,
				2D38D68C2C5FCD2600ADD586 /* ImageLinks.swift */,
				2D38D6802C5FCD2600ADD586 /* IndustryIdentifier.swift */,
				2D38D6912C5FCD2600ADD586 /* MaturityRating.swift */,
				2D38D6922C5FCD2600ADD586 /* Offer.swift */,
				2D38D68B2C5FCD2600ADD586 /* OfferListPrice.swift */,
				2D38D6832C5FCD2600ADD586 /* PanelizationSummary.swift */,
				2D38D6882C5FCD2600ADD586 /* PrintType.swift */,
				2D38D67F2C5FCD2600ADD586 /* ReadingModes.swift */,
				2D38D6852C5FCD2600ADD586 /* Saleability.swift */,
				2D38D68A2C5FCD2600ADD586 /* SaleInfoListPrice.swift */,
				2D38D6812C5FCD2600ADD586 /* TextToSpeechPermission.swift */,
				2D38D6862C5FCD2600ADD586 /* TypeEnum.swift */,
				2D38D68F2C5FCD2600ADD586 /* Viewability.swift */,
			);
			path = Models;
			sourceTree = "<group>";
		};
		2D38D6772C5E5E7F00ADD586 /* Networking */ = {
			isa = PBXGroup;
			children = (
				2D38D6AC2C5FDC2000ADD586 /* BookServiceProtocol.swift */,
				2D38D6AE2C5FDC2C00ADD586 /* BookService.swift */,
			);
			path = Networking;
			sourceTree = "<group>";
		};
		2D38D6B82C616BCE00ADD586 /* Persistance */ = {
			isa = PBXGroup;
			children = (
				2D38D6D22C622DAD00ADD586 /* DataManager.swift */,
			);
			path = Persistance;
			sourceTree = "<group>";
		};
		2D38D6BD2C61853D00ADD586 /* Networking */ = {
			isa = PBXGroup;
			children = (
				2D38D6BE2C61856700ADD586 /* BookServiceTests.swift */,
			);
			path = Networking;
			sourceTree = "<group>";
		};
		2D38D6C02C61996200ADD586 /* BookSearch */ = {
			isa = PBXGroup;
			children = (
				2D38D6C42C6199F400ADD586 /* BookSearchViewModelTests.swift */,
			);
			path = BookSearch;
			sourceTree = "<group>";
		};
		2D38D6C12C61996F00ADD586 /* BookDetails */ = {
			isa = PBXGroup;
			children = (
				2D38D6C22C6199A800ADD586 /* BookDetailViewModelTests.swift */,
			);
			path = BookDetails;
			sourceTree = "<group>";
		};
		2D38D6C62C619B6400ADD586 /* Models */ = {
			isa = PBXGroup;
			children = (
				2D38D6C92C619C1000ADD586 /* JSONMappingTests.swift */,
			);
			path = Models;
			sourceTree = "<group>";
		};
/* End PBXGroup section */

/* Begin PBXNativeTarget section */
		2D38D6432C5E5DDF00ADD586 /* Books */ = {
			isa = PBXNativeTarget;
			buildConfigurationList = 2D38D66A2C5E5DE000ADD586 /* Build configuration list for PBXNativeTarget "Books" */;
			buildPhases = (
				2D38D6402C5E5DDF00ADD586 /* Sources */,
				2D38D6412C5E5DDF00ADD586 /* Frameworks */,
				2D38D6422C5E5DDF00ADD586 /* Resources */,
			);
			buildRules = (
			);
			dependencies = (
			);
			name = Books;
			productName = "Netgear Books";
			productReference = 2D38D6442C5E5DDF00ADD586 /* Books.app */;
			productType = "com.apple.product-type.application";
		};
		2D38D6552C5E5DE000ADD586 /* BooksTests */ = {
			isa = PBXNativeTarget;
			buildConfigurationList = 2D38D66D2C5E5DE000ADD586 /* Build configuration list for PBXNativeTarget "BooksTests" */;
			buildPhases = (
				2D38D6522C5E5DE000ADD586 /* Sources */,
				2D38D6532C5E5DE000ADD586 /* Frameworks */,
				2D38D6542C5E5DE000ADD586 /* Resources */,
			);
			buildRules = (
			);
			dependencies = (
				2D38D6582C5E5DE000ADD586 /* PBXTargetDependency */,
			);
			name = BooksTests;
			productName = "Netgear BooksTests";
			productReference = 2D38D6562C5E5DE000ADD586 /* BooksTests.xctest */;
			productType = "com.apple.product-type.bundle.unit-test";
		};
		2D38D65F2C5E5DE000ADD586 /* BooksUITests */ = {
			isa = PBXNativeTarget;
			buildConfigurationList = 2D38D6702C5E5DE000ADD586 /* Build configuration list for PBXNativeTarget "BooksUITests" */;
			buildPhases = (
				2D38D65C2C5E5DE000ADD586 /* Sources */,
				2D38D65D2C5E5DE000ADD586 /* Frameworks */,
				2D38D65E2C5E5DE000ADD586 /* Resources */,
			);
			buildRules = (
			);
			dependencies = (
				2D38D6622C5E5DE000ADD586 /* PBXTargetDependency */,
			);
			name = BooksUITests;
			productName = "Netgear BooksUITests";
			productReference = 2D38D6602C5E5DE000ADD586 /* BooksUITests.xctest */;
			productType = "com.apple.product-type.bundle.ui-testing";
		};
/* End PBXNativeTarget section */

/* Begin PBXProject section */
		2D38D63C2C5E5DDF00ADD586 /* Project object */ = {
			isa = PBXProject;
			attributes = {
				BuildIndependentTargetsInParallel = 1;
				LastSwiftUpdateCheck = 1540;
				LastUpgradeCheck = 1540;
				TargetAttributes = {
					2D38D6432C5E5DDF00ADD586 = {
						CreatedOnToolsVersion = 15.4;
					};
					2D38D6552C5E5DE000ADD586 = {
						CreatedOnToolsVersion = 15.4;
						TestTargetID = 2D38D6432C5E5DDF00ADD586;
					};
					2D38D65F2C5E5DE000ADD586 = {
						CreatedOnToolsVersion = 15.4;
						TestTargetID = 2D38D6432C5E5DDF00ADD586;
					};
				};
			};
			buildConfigurationList = 2D38D63F2C5E5DDF00ADD586 /* Build configuration list for PBXProject "Books" */;
			compatibilityVersion = "Xcode 14.0";
			developmentRegion = en;
			hasScannedForEncodings = 0;
			knownRegions = (
				en,
				Base,
			);
			mainGroup = 2D38D63B2C5E5DDF00ADD586;
			productRefGroup = 2D38D6452C5E5DDF00ADD586 /* Products */;
			projectDirPath = "";
			projectRoot = "";
			targets = (
				2D38D6432C5E5DDF00ADD586 /* Books */,
				2D38D6552C5E5DE000ADD586 /* BooksTests */,
				2D38D65F2C5E5DE000ADD586 /* BooksUITests */,
			);
		};
/* End PBXProject section */

/* Begin PBXResourcesBuildPhase section */
		2D38D6422C5E5DDF00ADD586 /* Resources */ = {
			isa = PBXResourcesBuildPhase;
			buildActionMask = 2147483647;
			files = (
				2D38D6CC2C61AC3800ADD586 /* sampleBooks.json in Resources */,
				2D38D6512C5E5DE000ADD586 /* Preview Assets.xcassets in Resources */,
				2D38D64E2C5E5DE000ADD586 /* Assets.xcassets in Resources */,
			);
			runOnlyForDeploymentPostprocessing = 0;
		};
		2D38D6542C5E5DE000ADD586 /* Resources */ = {
			isa = PBXResourcesBuildPhase;
			buildActionMask = 2147483647;
			files = (
				2D38D6CF2C61B78900ADD586 /* sampleBooks.json in Resources */,
			);
			runOnlyForDeploymentPostprocessing = 0;
		};
		2D38D65E2C5E5DE000ADD586 /* Resources */ = {
			isa = PBXResourcesBuildPhase;
			buildActionMask = 2147483647;
			files = (
			);
			runOnlyForDeploymentPostprocessing = 0;
		};
/* End PBXResourcesBuildPhase section */

/* Begin PBXSourcesBuildPhase section */
		2D38D6402C5E5DDF00ADD586 /* Sources */ = {
			isa = PBXSourcesBuildPhase;
			buildActionMask = 2147483647;
			files = (
				2D38D69A2C5FCD2600ADD586 /* TextToSpeechPermission.swift in Sources */,
				2D38D6D32C622DAD00ADD586 /* DataManager.swift in Sources */,
				2D38D6A82C5FCD2600ADD586 /* Viewability.swift in Sources */,
				2D38D69C2C5FCD2600ADD586 /* PanelizationSummary.swift in Sources */,
				2D38D6932C5FCD2600ADD586 /* AccessInfo.swift in Sources */,
				2D38D6A42C5FCD2600ADD586 /* OfferListPrice.swift in Sources */,
				2D38D6AB2C5FCD2600ADD586 /* Offer.swift in Sources */,
				2D38D6A72C5FCD2600ADD586 /* Epub.swift in Sources */,
				2D38D6972C5FCD2600ADD586 /* VolumeInfo.swift in Sources */,
				2D38D6B32C616B0100ADD586 /* BookDetailsView.swift in Sources */,
				2D38D6B52C616B1600ADD586 /* BookSearchViewModel.swift in Sources */,
				2D38D6A52C5FCD2600ADD586 /* ImageLinks.swift in Sources */,
				2D38D64A2C5E5DDF00ADD586 /* ContentView.swift in Sources */,
				2D38D6AA2C5FCD2600ADD586 /* MaturityRating.swift in Sources */,
				2D38D6992C5FCD2600ADD586 /* IndustryIdentifier.swift in Sources */,
				2D38D6CE2C61AC9B00ADD586 /* BookData.swift in Sources */,
				2D38D6B12C616AE400ADD586 /* BookDetailsViewModel.swift in Sources */,
				2D38D69F2C5FCD2600ADD586 /* TypeEnum.swift in Sources */,
				2D38D64C2C5E5DDF00ADD586 /* Item.swift in Sources */,
				2D38D6A32C5FCD2600ADD586 /* SaleInfoListPrice.swift in Sources */,
				2D38D6482C5E5DDF00ADD586 /* Netgear_BooksApp.swift in Sources */,
				2D38D6AF2C5FDC2C00ADD586 /* BookService.swift in Sources */,
				2D38D6A22C5FCD2600ADD586 /* AccessViewStatus.swift in Sources */,
				2D38D6792C5FCCF300ADD586 /* BookResponse.swift in Sources */,
				2D38D69D2C5FCD2600ADD586 /* Book.swift in Sources */,
				2D38D6D52C6247BD00ADD586 /* BookCardView.swift in Sources */,
				2D38D6AD2C5FDC2000ADD586 /* BookServiceProtocol.swift in Sources */,
				2D38D6A12C5FCD2600ADD586 /* PrintType.swift in Sources */,
				2D38D6952C5FCD2600ADD586 /* SaleInfo.swift in Sources */,
				2D38D6982C5FCD2600ADD586 /* ReadingModes.swift in Sources */,
				2D38D6B72C616B2000ADD586 /* BookSearchView.swift in Sources */,
				2D38D6A02C5FCD2600ADD586 /* SearchInfo.swift in Sources */,
				2D38D69E2C5FCD2600ADD586 /* Saleability.swift in Sources */,
				2D38D6D72C6247CB00ADD586 /* BookCardViewModel.swift in Sources */,
			);
			runOnlyForDeploymentPostprocessing = 0;
		};
		2D38D6522C5E5DE000ADD586 /* Sources */ = {
			isa = PBXSourcesBuildPhase;
			buildActionMask = 2147483647;
			files = (
				2D38D6BF2C61856700ADD586 /* BookServiceTests.swift in Sources */,
				2D38D6CA2C619C1000ADD586 /* JSONMappingTests.swift in Sources */,
			);
			runOnlyForDeploymentPostprocessing = 0;
		};
		2D38D65C2C5E5DE000ADD586 /* Sources */ = {
			isa = PBXSourcesBuildPhase;
			buildActionMask = 2147483647;
			files = (
				2D38D6672C5E5DE000ADD586 /* Netgear_BooksUITestsLaunchTests.swift in Sources */,
				2D38D6652C5E5DE000ADD586 /* Netgear_BooksUITests.swift in Sources */,
			);
			runOnlyForDeploymentPostprocessing = 0;
		};
/* End PBXSourcesBuildPhase section */

/* Begin PBXTargetDependency section */
		2D38D6582C5E5DE000ADD586 /* PBXTargetDependency */ = {
			isa = PBXTargetDependency;
			target = 2D38D6432C5E5DDF00ADD586 /* Books */;
			targetProxy = 2D38D6572C5E5DE000ADD586 /* PBXContainerItemProxy */;
		};
		2D38D6622C5E5DE000ADD586 /* PBXTargetDependency */ = {
			isa = PBXTargetDependency;
			target = 2D38D6432C5E5DDF00ADD586 /* Books */;
			targetProxy = 2D38D6612C5E5DE000ADD586 /* PBXContainerItemProxy */;
		};
/* End PBXTargetDependency section */

/* Begin XCBuildConfiguration section */
		2D38D6682C5E5DE000ADD586 /* Debug */ = {
			isa = XCBuildConfiguration;
			buildSettings = {
				ALWAYS_SEARCH_USER_PATHS = NO;
				ASSETCATALOG_COMPILER_GENERATE_SWIFT_ASSET_SYMBOL_EXTENSIONS = YES;
				CLANG_ANALYZER_NONNULL = YES;
				CLANG_ANALYZER_NUMBER_OBJECT_CONVERSION = YES_AGGRESSIVE;
				CLANG_CXX_LANGUAGE_STANDARD = "gnu++20";
				CLANG_ENABLE_MODULES = YES;
				CLANG_ENABLE_OBJC_ARC = YES;
				CLANG_ENABLE_OBJC_WEAK = YES;
				CLANG_WARN_BLOCK_CAPTURE_AUTORELEASING = YES;
				CLANG_WARN_BOOL_CONVERSION = YES;
				CLANG_WARN_COMMA = YES;
				CLANG_WARN_CONSTANT_CONVERSION = YES;
				CLANG_WARN_DEPRECATED_OBJC_IMPLEMENTATIONS = YES;
				CLANG_WARN_DIRECT_OBJC_ISA_USAGE = YES_ERROR;
				CLANG_WARN_DOCUMENTATION_COMMENTS = YES;
				CLANG_WARN_EMPTY_BODY = YES;
				CLANG_WARN_ENUM_CONVERSION = YES;
				CLANG_WARN_INFINITE_RECURSION = YES;
				CLANG_WARN_INT_CONVERSION = YES;
				CLANG_WARN_NON_LITERAL_NULL_CONVERSION = YES;
				CLANG_WARN_OBJC_IMPLICIT_RETAIN_SELF = YES;
				CLANG_WARN_OBJC_LITERAL_CONVERSION = YES;
				CLANG_WARN_OBJC_ROOT_CLASS = YES_ERROR;
				CLANG_WARN_QUOTED_INCLUDE_IN_FRAMEWORK_HEADER = YES;
				CLANG_WARN_RANGE_LOOP_ANALYSIS = YES;
				CLANG_WARN_STRICT_PROTOTYPES = YES;
				CLANG_WARN_SUSPICIOUS_MOVE = YES;
				CLANG_WARN_UNGUARDED_AVAILABILITY = YES_AGGRESSIVE;
				CLANG_WARN_UNREACHABLE_CODE = YES;
				CLANG_WARN__DUPLICATE_METHOD_MATCH = YES;
				COPY_PHASE_STRIP = NO;
				DEBUG_INFORMATION_FORMAT = dwarf;
				ENABLE_STRICT_OBJC_MSGSEND = YES;
				ENABLE_TESTABILITY = YES;
				ENABLE_USER_SCRIPT_SANDBOXING = YES;
				GCC_C_LANGUAGE_STANDARD = gnu17;
				GCC_DYNAMIC_NO_PIC = NO;
				GCC_NO_COMMON_BLOCKS = YES;
				GCC_OPTIMIZATION_LEVEL = 0;
				GCC_PREPROCESSOR_DEFINITIONS = (
					"DEBUG=1",
					"$(inherited)",
				);
				GCC_WARN_64_TO_32_BIT_CONVERSION = YES;
				GCC_WARN_ABOUT_RETURN_TYPE = YES_ERROR;
				GCC_WARN_UNDECLARED_SELECTOR = YES;
				GCC_WARN_UNINITIALIZED_AUTOS = YES_AGGRESSIVE;
				GCC_WARN_UNUSED_FUNCTION = YES;
				GCC_WARN_UNUSED_VARIABLE = YES;
				IPHONEOS_DEPLOYMENT_TARGET = 17.5;
				LOCALIZATION_PREFERS_STRING_CATALOGS = YES;
				MTL_ENABLE_DEBUG_INFO = INCLUDE_SOURCE;
				MTL_FAST_MATH = YES;
				ONLY_ACTIVE_ARCH = YES;
				SDKROOT = iphoneos;
				SWIFT_ACTIVE_COMPILATION_CONDITIONS = "DEBUG $(inherited)";
				SWIFT_OPTIMIZATION_LEVEL = "-Onone";
			};
			name = Debug;
		};
		2D38D6692C5E5DE000ADD586 /* Release */ = {
			isa = XCBuildConfiguration;
			buildSettings = {
				ALWAYS_SEARCH_USER_PATHS = NO;
				ASSETCATALOG_COMPILER_GENERATE_SWIFT_ASSET_SYMBOL_EXTENSIONS = YES;
				CLANG_ANALYZER_NONNULL = YES;
				CLANG_ANALYZER_NUMBER_OBJECT_CONVERSION = YES_AGGRESSIVE;
				CLANG_CXX_LANGUAGE_STANDARD = "gnu++20";
				CLANG_ENABLE_MODULES = YES;
				CLANG_ENABLE_OBJC_ARC = YES;
				CLANG_ENABLE_OBJC_WEAK = YES;
				CLANG_WARN_BLOCK_CAPTURE_AUTORELEASING = YES;
				CLANG_WARN_BOOL_CONVERSION = YES;
				CLANG_WARN_COMMA = YES;
				CLANG_WARN_CONSTANT_CONVERSION = YES;
				CLANG_WARN_DEPRECATED_OBJC_IMPLEMENTATIONS = YES;
				CLANG_WARN_DIRECT_OBJC_ISA_USAGE = YES_ERROR;
				CLANG_WARN_DOCUMENTATION_COMMENTS = YES;
				CLANG_WARN_EMPTY_BODY = YES;
				CLANG_WARN_ENUM_CONVERSION = YES;
				CLANG_WARN_INFINITE_RECURSION = YES;
				CLANG_WARN_INT_CONVERSION = YES;
				CLANG_WARN_NON_LITERAL_NULL_CONVERSION = YES;
				CLANG_WARN_OBJC_IMPLICIT_RETAIN_SELF = YES;
				CLANG_WARN_OBJC_LITERAL_CONVERSION = YES;
				CLANG_WARN_OBJC_ROOT_CLASS = YES_ERROR;
				CLANG_WARN_QUOTED_INCLUDE_IN_FRAMEWORK_HEADER = YES;
				CLANG_WARN_RANGE_LOOP_ANALYSIS = YES;
				CLANG_WARN_STRICT_PROTOTYPES = YES;
				CLANG_WARN_SUSPICIOUS_MOVE = YES;
				CLANG_WARN_UNGUARDED_AVAILABILITY = YES_AGGRESSIVE;
				CLANG_WARN_UNREACHABLE_CODE = YES;
				CLANG_WARN__DUPLICATE_METHOD_MATCH = YES;
				COPY_PHASE_STRIP = NO;
				DEBUG_INFORMATION_FORMAT = "dwarf-with-dsym";
				ENABLE_NS_ASSERTIONS = NO;
				ENABLE_STRICT_OBJC_MSGSEND = YES;
				ENABLE_USER_SCRIPT_SANDBOXING = YES;
				GCC_C_LANGUAGE_STANDARD = gnu17;
				GCC_NO_COMMON_BLOCKS = YES;
				GCC_WARN_64_TO_32_BIT_CONVERSION = YES;
				GCC_WARN_ABOUT_RETURN_TYPE = YES_ERROR;
				GCC_WARN_UNDECLARED_SELECTOR = YES;
				GCC_WARN_UNINITIALIZED_AUTOS = YES_AGGRESSIVE;
				GCC_WARN_UNUSED_FUNCTION = YES;
				GCC_WARN_UNUSED_VARIABLE = YES;
				IPHONEOS_DEPLOYMENT_TARGET = 17.5;
				LOCALIZATION_PREFERS_STRING_CATALOGS = YES;
				MTL_ENABLE_DEBUG_INFO = NO;
				MTL_FAST_MATH = YES;
				SDKROOT = iphoneos;
				SWIFT_COMPILATION_MODE = wholemodule;
				VALIDATE_PRODUCT = YES;
			};
			name = Release;
		};
		2D38D66B2C5E5DE000ADD586 /* Debug */ = {
			isa = XCBuildConfiguration;
			buildSettings = {
				ASSETCATALOG_COMPILER_APPICON_NAME = AppIcon;
				ASSETCATALOG_COMPILER_GLOBAL_ACCENT_COLOR_NAME = AccentColor;
				CODE_SIGN_STYLE = Automatic;
				CURRENT_PROJECT_VERSION = 1;
				DEVELOPMENT_ASSET_PATHS = "\"Books/Preview Content\"";
				DEVELOPMENT_TEAM = 7PN68ERUJ6;
				ENABLE_PREVIEWS = YES;
				GENERATE_INFOPLIST_FILE = YES;
				INFOPLIST_FILE = "Netgear-Books-Info.plist";
				INFOPLIST_KEY_UIApplicationSceneManifest_Generation = YES;
				INFOPLIST_KEY_UIApplicationSupportsIndirectInputEvents = YES;
				INFOPLIST_KEY_UILaunchScreen_Generation = YES;
				INFOPLIST_KEY_UISupportedInterfaceOrientations_iPad = "UIInterfaceOrientationPortrait UIInterfaceOrientationPortraitUpsideDown UIInterfaceOrientationLandscapeLeft UIInterfaceOrientationLandscapeRight";
				INFOPLIST_KEY_UISupportedInterfaceOrientations_iPhone = "UIInterfaceOrientationPortrait UIInterfaceOrientationLandscapeLeft UIInterfaceOrientationLandscapeRight";
				LD_RUNPATH_SEARCH_PATHS = (
					"$(inherited)",
					"@executable_path/Frameworks",
				);
				MARKETING_VERSION = 1.0;
				PRODUCT_BUNDLE_IDENTIFIER = "com.brightstarsoftware.Netgear-Books";
				PRODUCT_NAME = "$(TARGET_NAME)";
				SWIFT_EMIT_LOC_STRINGS = YES;
				SWIFT_VERSION = 5.0;
				TARGETED_DEVICE_FAMILY = "1,2";
			};
			name = Debug;
		};
		2D38D66C2C5E5DE000ADD586 /* Release */ = {
			isa = XCBuildConfiguration;
			buildSettings = {
				ASSETCATALOG_COMPILER_APPICON_NAME = AppIcon;
				ASSETCATALOG_COMPILER_GLOBAL_ACCENT_COLOR_NAME = AccentColor;
				CODE_SIGN_STYLE = Automatic;
				CURRENT_PROJECT_VERSION = 1;
				DEVELOPMENT_ASSET_PATHS = "\"Books/Preview Content\"";
				DEVELOPMENT_TEAM = 7PN68ERUJ6;
				ENABLE_PREVIEWS = YES;
				GENERATE_INFOPLIST_FILE = YES;
				INFOPLIST_FILE = "Netgear-Books-Info.plist";
				INFOPLIST_KEY_UIApplicationSceneManifest_Generation = YES;
				INFOPLIST_KEY_UIApplicationSupportsIndirectInputEvents = YES;
				INFOPLIST_KEY_UILaunchScreen_Generation = YES;
				INFOPLIST_KEY_UISupportedInterfaceOrientations_iPad = "UIInterfaceOrientationPortrait UIInterfaceOrientationPortraitUpsideDown UIInterfaceOrientationLandscapeLeft UIInterfaceOrientationLandscapeRight";
				INFOPLIST_KEY_UISupportedInterfaceOrientations_iPhone = "UIInterfaceOrientationPortrait UIInterfaceOrientationLandscapeLeft UIInterfaceOrientationLandscapeRight";
				LD_RUNPATH_SEARCH_PATHS = (
					"$(inherited)",
					"@executable_path/Frameworks",
				);
				MARKETING_VERSION = 1.0;
				PRODUCT_BUNDLE_IDENTIFIER = "com.brightstarsoftware.Netgear-Books";
				PRODUCT_NAME = "$(TARGET_NAME)";
				SWIFT_EMIT_LOC_STRINGS = YES;
				SWIFT_VERSION = 5.0;
				TARGETED_DEVICE_FAMILY = "1,2";
			};
			name = Release;
		};
		2D38D66E2C5E5DE000ADD586 /* Debug */ = {
			isa = XCBuildConfiguration;
			buildSettings = {
				ALWAYS_EMBED_SWIFT_STANDARD_LIBRARIES = YES;
				BUNDLE_LOADER = "$(TEST_HOST)";
				CODE_SIGN_STYLE = Automatic;
				CURRENT_PROJECT_VERSION = 1;
				DEVELOPMENT_TEAM = 7PN68ERUJ6;
				GENERATE_INFOPLIST_FILE = YES;
				IPHONEOS_DEPLOYMENT_TARGET = 17.5;
				MARKETING_VERSION = 1.0;
				PRODUCT_BUNDLE_IDENTIFIER = "com.brightstarsoftware.Netgear-BooksTests";
				PRODUCT_NAME = "$(TARGET_NAME)";
				SWIFT_EMIT_LOC_STRINGS = NO;
				SWIFT_VERSION = 5.0;
				TARGETED_DEVICE_FAMILY = "1,2";
				TEST_HOST = "$(BUILT_PRODUCTS_DIR)/Books.app/$(BUNDLE_EXECUTABLE_FOLDER_PATH)/Books";
			};
			name = Debug;
		};
		2D38D66F2C5E5DE000ADD586 /* Release */ = {
			isa = XCBuildConfiguration;
			buildSettings = {
				ALWAYS_EMBED_SWIFT_STANDARD_LIBRARIES = YES;
				BUNDLE_LOADER = "$(TEST_HOST)";
				CODE_SIGN_STYLE = Automatic;
				CURRENT_PROJECT_VERSION = 1;
				DEVELOPMENT_TEAM = 7PN68ERUJ6;
				GENERATE_INFOPLIST_FILE = YES;
				IPHONEOS_DEPLOYMENT_TARGET = 17.5;
				MARKETING_VERSION = 1.0;
				PRODUCT_BUNDLE_IDENTIFIER = "com.brightstarsoftware.Netgear-BooksTests";
				PRODUCT_NAME = "$(TARGET_NAME)";
				SWIFT_EMIT_LOC_STRINGS = NO;
				SWIFT_VERSION = 5.0;
				TARGETED_DEVICE_FAMILY = "1,2";
				TEST_HOST = "$(BUILT_PRODUCTS_DIR)/Books.app/$(BUNDLE_EXECUTABLE_FOLDER_PATH)/Books";
			};
			name = Release;
		};
		2D38D6712C5E5DE000ADD586 /* Debug */ = {
			isa = XCBuildConfiguration;
			buildSettings = {
				ALWAYS_EMBED_SWIFT_STANDARD_LIBRARIES = YES;
				CODE_SIGN_STYLE = Automatic;
				CURRENT_PROJECT_VERSION = 1;
				DEVELOPMENT_TEAM = 7PN68ERUJ6;
				GENERATE_INFOPLIST_FILE = YES;
				MARKETING_VERSION = 1.0;
				PRODUCT_BUNDLE_IDENTIFIER = "com.brightstarsoftware.Netgear-BooksUITests";
				PRODUCT_NAME = "$(TARGET_NAME)";
				SWIFT_EMIT_LOC_STRINGS = NO;
				SWIFT_VERSION = 5.0;
				TARGETED_DEVICE_FAMILY = "1,2";
				TEST_TARGET_NAME = "Netgear Books";
			};
			name = Debug;
		};
		2D38D6722C5E5DE000ADD586 /* Release */ = {
			isa = XCBuildConfiguration;
			buildSettings = {
				ALWAYS_EMBED_SWIFT_STANDARD_LIBRARIES = YES;
				CODE_SIGN_STYLE = Automatic;
				CURRENT_PROJECT_VERSION = 1;
				DEVELOPMENT_TEAM = 7PN68ERUJ6;
				GENERATE_INFOPLIST_FILE = YES;
				MARKETING_VERSION = 1.0;
				PRODUCT_BUNDLE_IDENTIFIER = "com.brightstarsoftware.Netgear-BooksUITests";
				PRODUCT_NAME = "$(TARGET_NAME)";
				SWIFT_EMIT_LOC_STRINGS = NO;
				SWIFT_VERSION = 5.0;
				TARGETED_DEVICE_FAMILY = "1,2";
				TEST_TARGET_NAME = "Netgear Books";
			};
			name = Release;
		};
/* End XCBuildConfiguration section */

/* Begin XCConfigurationList section */
		2D38D63F2C5E5DDF00ADD586 /* Build configuration list for PBXProject "Books" */ = {
			isa = XCConfigurationList;
			buildConfigurations = (
				2D38D6682C5E5DE000ADD586 /* Debug */,
				2D38D6692C5E5DE000ADD586 /* Release */,
			);
			defaultConfigurationIsVisible = 0;
			defaultConfigurationName = Release;
		};
		2D38D66A2C5E5DE000ADD586 /* Build configuration list for PBXNativeTarget "Books" */ = {
			isa = XCConfigurationList;
			buildConfigurations = (
				2D38D66B2C5E5DE000ADD586 /* Debug */,
				2D38D66C2C5E5DE000ADD586 /* Release */,
			);
			defaultConfigurationIsVisible = 0;
			defaultConfigurationName = Release;
		};
		2D38D66D2C5E5DE000ADD586 /* Build configuration list for PBXNativeTarget "BooksTests" */ = {
			isa = XCConfigurationList;
			buildConfigurations = (
				2D38D66E2C5E5DE000ADD586 /* Debug */,
				2D38D66F2C5E5DE000ADD586 /* Release */,
			);
			defaultConfigurationIsVisible = 0;
			defaultConfigurationName = Release;
		};
		2D38D6702C5E5DE000ADD586 /* Build configuration list for PBXNativeTarget "BooksUITests" */ = {
			isa = XCConfigurationList;
			buildConfigurations = (
				2D38D6712C5E5DE000ADD586 /* Debug */,
				2D38D6722C5E5DE000ADD586 /* Release */,
			);
			defaultConfigurationIsVisible = 0;
			defaultConfigurationName = Release;
		};
/* End XCConfigurationList section */
	};
	rootObject = 2D38D63C2C5E5DDF00ADD586 /* Project object */;
}
